schema: '2.0'
stages:
  prepare_data:
    cmd: python src/data/prepare_data.py data/raw data/interim/interim_df.csv
    deps:
    - path: data/raw
      md5: 3cee025490f35e159b8843e8d05466f9.dir
      size: 2505414925
      nfiles: 21
    - path: src/data/prepare_data.py
      md5: 6930c61118bbd37bff02d72e0f28bcee
      size: 4637
    outs:
    - path: data/interim/interim_df.csv
      md5: 5bc96bde37ffd06e4db253228bf038e2
      size: 454654333
  make_dataset:
    cmd: python src/data/make_dataset.py data/interim/interim_df.csv data/processed/processed_df.csv
    deps:
    - path: data/interim/interim_df.csv
      md5: 5bc96bde37ffd06e4db253228bf038e2
      size: 454654333
    - path: src/data/make_dataset.py
      md5: 629bd2c73db857b01dfe63615a8a9751
      size: 1289
    outs:
    - path: data/processed/processed_df.csv
      md5: c5c93f7aead06078299e6e764cfb93fa
      size: 199734742
