schema: '2.0'
stages:
  prepare_data:
    cmd: python src/data/prepare_data.py data/raw data/interim/interim_df.csv
    deps:
    - path: data/raw
      md5: 3cee025490f35e159b8843e8d05466f9.dir
      size: 2505414925
      nfiles: 21
    - path: src/data/prepare_data.py
      md5: 4f3c8d84be9dd724b12f6c3072b0e4d4
      size: 2513
    outs:
    - path: data/interim/interim_df.csv
      md5: ed84be65a78bbf279a7dd7233e4bba65
      size: 1581294868
  clean_data:
    cmd: python src/data/clean_data.py data/interim/interim_df.csv data/processed/new.csv
    deps:
    - path: data/interim/interim_df.csv
      md5: e2f42b44b42bb945d2338256c8cf827c
      size: 2514032208
    - path: src/data/clean_data.py
      md5: 04183f3d03750d29f23d077b3d4766f1
      size: 1217
    outs:
    - path: data/processed/new.csv
      md5: 32311b005f68c8b3fb556f2d0868f95a
      size: 1604320629
  make_dataset:
    cmd: python src/data/make_dataset.py data/interim/interim_df.csv data/processed/processed_df.csv
    deps:
    - path: data/interim/interim_df.csv
      md5: ed84be65a78bbf279a7dd7233e4bba65
      size: 1581294868
    - path: src/data/make_dataset.py
      md5: 185b3ee34b7926e6d1e8d48551d12f05
      size: 1164
    outs:
    - path: data/processed/processed_df.csv
      md5: ed84be65a78bbf279a7dd7233e4bba65
      size: 1581294868
