schema: '2.0'
stages:
  prepare_data:
    cmd: python src/data/prepare_data.py data/raw data/interim/interim_df.csv
    deps:
    - path: data/raw
      md5: 3cee025490f35e159b8843e8d05466f9.dir
      size: 2505414925
      nfiles: 21
    - path: src/data/prepare_data.py
      md5: d804a054ee2b3a287435342df477c965
      size: 2945
    outs:
    - path: data/interim/interim_df.csv
      md5: 023a1ada82225279ff357da8e80e28cd
      size: 455010594
  clean_data:
    cmd: python src/data/clean_data.py data/interim/interim_df.csv data/processed/new.csv
    deps:
    - path: data/interim/interim_df.csv
      md5: e2f42b44b42bb945d2338256c8cf827c
      size: 2514032208
    - path: src/data/clean_data.py
      md5: 04183f3d03750d29f23d077b3d4766f1
      size: 1217
    outs:
    - path: data/processed/new.csv
      md5: 32311b005f68c8b3fb556f2d0868f95a
      size: 1604320629
  make_dataset:
    cmd: python src/data/make_dataset.py data/interim/interim_df.csv data/processed/processed_df.csv
    deps:
    - path: data/interim/interim_df.csv
      md5: 023a1ada82225279ff357da8e80e28cd
      size: 455010594
    - path: src/data/make_dataset.py
      md5: a99e57fb330058715597f1cfb5029b65
      size: 1606
    outs:
    - path: data/processed/processed_df.csv
      md5: a8adf585021d91bf544c51578f2c4d08
      size: 199846125
